
Microsoft Visual Studio Solution File, Format Version 12.00
# Visual Studio 15
VisualStudioVersion = 15.0.28307.779
MinimumVisualStudioVersion = 10.0.40219.1
Project("{FAE04EC0-301F-11D3-BF4B-00C04F79EFBC}") = "ZbcGuideApp.Android", "ZbcGuideApp\ZbcGuideApp.Android\ZbcGuideApp.Android.csproj", "{9490FED7-9F9F-4F6C-8507-6F45712CC438}"
EndProject
Project("{FAE04EC0-301F-11D3-BF4B-00C04F79EFBC}") = "ZbcGuideApp", "ZbcGuideApp\ZbcGuideApp\ZbcGuideApp.csproj", "{3962AA44-FFF2-4F71-B41C-63189D70CE97}"
EndProject
Global
	GlobalSection(SolutionConfigurationPlatforms) = preSolution
		Debug|Any CPU = Debug|Any CPU
		Release|Any CPU = Release|Any CPU
	EndGlobalSection
	GlobalSection(ProjectConfigurationPlatforms) = postSolution
		{9490FED7-9F9F-4F6C-8507-6F45712CC438}.Debug|Any CPU.ActiveCfg = Debug|Any CPU
		{9490FED7-9F9F-4F6C-8507-6F45712CC438}.Debug|Any CPU.Build.0 = Debug|Any CPU
		{9490FED7-9F9F-4F6C-8507-6F45712CC438}.Debug|Any CPU.Deploy.0 = Debug|Any CPU
		{9490FED7-9F9F-4F6C-8507-6F45712CC438}.Release|Any CPU.ActiveCfg = Release|Any CPU
		{9490FED7-9F9F-4F6C-8507-6F45712CC438}.Release|Any CPU.Build.0 = Release|Any CPU
		{9490FED7-9F9F-4F6C-8507-6F45712CC438}.Release|Any CPU.Deploy.0 = Release|Any CPU
		{3962AA44-FFF2-4F71-B41C-63189D70CE97}.Debug|Any CPU.ActiveCfg = Debug|Any CPU
		{3962AA44-FFF2-4F71-B41C-63189D70CE97}.Debug|Any CPU.Build.0 = Debug|Any CPU
		{3962AA44-FFF2-4F71-B41C-63189D70CE97}.Release|Any CPU.ActiveCfg = Release|Any CPU
		{3962AA44-FFF2-4F71-B41C-63189D70CE97}.Release|Any CPU.Build.0 = Release|Any CPU
	EndGlobalSection
	GlobalSection(SolutionProperties) = preSolution
		HideSolutionNode = FALSE
	EndGlobalSection
	GlobalSection(ExtensibilityGlobals) = postSolution
		SolutionGuid = {1F25B727-1FBA-47DD-8562-D5574D80C5CD}
	EndGlobalSection
EndGlobal
